// !$*UTF8*$!
{
	archiveVersion = 1;
	classes = {
	};
	objectVersion = 46;
	objects = {

/* Begin PBXBuildFile section */
		292A701C14642FA90036109B /* Adium.xcdatamodel in Sources */ = {isa = PBXBuildFile; fileRef = 292A701B14642FA90036109B /* Adium.xcdatamodel */; };
		292A70241464306E0036109B /* Adium.xcdatamodel in Sources */ = {isa = PBXBuildFile; fileRef = 292A701B14642FA90036109B /* Adium.xcdatamodel */; };
		292A702B146432250036109B /* AdiumContact.m in Sources */ = {isa = PBXBuildFile; fileRef = 292A702A146432250036109B /* AdiumContact.m */; };
		292A702C146432250036109B /* AdiumContact.m in Sources */ = {isa = PBXBuildFile; fileRef = 292A702A146432250036109B /* AdiumContact.m */; };
		29F4EC31146D9A3D00E5B628 /* Cocoa.framework in Frameworks */ = {isa = PBXBuildFile; fileRef = 55243CAF1462FD0600878F39 /* Cocoa.framework */; };
		29F4EC37146D9A3D00E5B628 /* InfoPlist.strings in Resources */ = {isa = PBXBuildFile; fileRef = 29F4EC35146D9A3D00E5B628 /* InfoPlist.strings */; };
		29F4EC39146D9A3D00E5B628 /* main.m in Sources */ = {isa = PBXBuildFile; fileRef = 29F4EC38146D9A3D00E5B628 /* main.m */; };
		29F4EC40146D9A3D00E5B628 /* AppDelegate.m in Sources */ = {isa = PBXBuildFile; fileRef = 29F4EC3F146D9A3D00E5B628 /* AppDelegate.m */; };
		55243C8F1462FC7B00878F39 /* CoreServices.framework in Frameworks */ = {isa = PBXBuildFile; fileRef = 55243C8E1462FC7B00878F39 /* CoreServices.framework */; };
		55243C911462FC7B00878F39 /* CoreFoundation.framework in Frameworks */ = {isa = PBXBuildFile; fileRef = 55243C901462FC7B00878F39 /* CoreFoundation.framework */; };
		55243C931462FC7B00878F39 /* CoreData.framework in Frameworks */ = {isa = PBXBuildFile; fileRef = 55243C921462FC7B00878F39 /* CoreData.framework */; };
		55243C951462FC7B00878F39 /* Foundation.framework in Frameworks */ = {isa = PBXBuildFile; fileRef = 55243C941462FC7B00878F39 /* Foundation.framework */; };
		55243C9B1462FC7B00878F39 /* InfoPlist.strings in Resources */ = {isa = PBXBuildFile; fileRef = 55243C991462FC7B00878F39 /* InfoPlist.strings */; };
		55243C9D1462FC7B00878F39 /* main.c in Sources */ = {isa = PBXBuildFile; fileRef = 55243C9C1462FC7B00878F39 /* main.c */; };
		55243C9F1462FC7B00878F39 /* GetMetadataForFile.m in Sources */ = {isa = PBXBuildFile; fileRef = 55243C9E1462FC7B00878F39 /* GetMetadataForFile.m */; };
		55243CA21462FC7B00878F39 /* AdiumContactSpotlightImporter.m in Sources */ = {isa = PBXBuildFile; fileRef = 55243CA11462FC7B00878F39 /* AdiumContactSpotlightImporter.m */; };
		55243CB01462FD0600878F39 /* Cocoa.framework in Frameworks */ = {isa = PBXBuildFile; fileRef = 55243CAF1462FD0600878F39 /* Cocoa.framework */; };
		55243CBA1462FD0600878F39 /* InfoPlist.strings in Resources */ = {isa = PBXBuildFile; fileRef = 55243CB81462FD0600878F39 /* InfoPlist.strings */; };
		55243CC01462FDD900878F39 /* Adium.framework in Frameworks */ = {isa = PBXBuildFile; fileRef = 55243CBF1462FDD900878F39 /* Adium.framework */; };
		55243CC31462FE4200878F39 /* ContactsExportAdiumPlugin.m in Sources */ = {isa = PBXBuildFile; fileRef = 55243CC21462FE4200878F39 /* ContactsExportAdiumPlugin.m */; };
		5549385C14717F3500D64024 /* AdiumContact.m in Sources */ = {isa = PBXBuildFile; fileRef = 292A702A146432250036109B /* AdiumContact.m */; };
		55EE09BC1471672100CF038D /* MainMenu.xib in Resources */ = {isa = PBXBuildFile; fileRef = 55EE09BB1471672100CF038D /* MainMenu.xib */; };
		55EE09C1147176A100CF038D /* Adium.xcdatamodel in Sources */ = {isa = PBXBuildFile; fileRef = 292A701B14642FA90036109B /* Adium.xcdatamodel */; };
/* End PBXBuildFile section */

/* Begin PBXFileReference section */
		292A701B14642FA90036109B /* Adium.xcdatamodel */ = {isa = PBXFileReference; lastKnownFileType = wrapper.xcdatamodel; name = Adium.xcdatamodel; path = "Adium Contacts Spotlight Importer/Adium.xcdatamodeld/Adium.xcdatamodel"; sourceTree = "<group>"; };
		292A7029146432250036109B /* AdiumContact.h */ = {isa = PBXFileReference; fileEncoding = 4; lastKnownFileType = sourcecode.c.h; name = AdiumContact.h; path = Common/AdiumContact.h; sourceTree = "<group>"; };
		292A702A146432250036109B /* AdiumContact.m */ = {isa = PBXFileReference; fileEncoding = 4; lastKnownFileType = sourcecode.c.objc; name = AdiumContact.m; path = Common/AdiumContact.m; sourceTree = "<group>"; };
		29F4EC2F146D9A3C00E5B628 /* adiumOpenSpotlight.app */ = {isa = PBXFileReference; explicitFileType = wrapper.application; includeInIndex = 0; path = adiumOpenSpotlight.app; sourceTree = BUILT_PRODUCTS_DIR; };
		29F4EC34146D9A3D00E5B628 /* adiumOpenSpotlight-Info.plist */ = {isa = PBXFileReference; lastKnownFileType = text.plist.xml; path = "adiumOpenSpotlight-Info.plist"; sourceTree = "<group>"; };
		29F4EC36146D9A3D00E5B628 /* en */ = {isa = PBXFileReference; lastKnownFileType = text.plist.strings; name = en; path = en.lproj/InfoPlist.strings; sourceTree = "<group>"; };
		29F4EC38146D9A3D00E5B628 /* main.m */ = {isa = PBXFileReference; lastKnownFileType = sourcecode.c.objc; path = main.m; sourceTree = "<group>"; };
		29F4EC3A146D9A3D00E5B628 /* adiumOpenSpotlight-Prefix.pch */ = {isa = PBXFileReference; lastKnownFileType = sourcecode.c.h; path = "adiumOpenSpotlight-Prefix.pch"; sourceTree = "<group>"; };
		29F4EC3E146D9A3D00E5B628 /* AppDelegate.h */ = {isa = PBXFileReference; lastKnownFileType = sourcecode.c.h; path = AppDelegate.h; sourceTree = "<group>"; };
		29F4EC3F146D9A3D00E5B628 /* AppDelegate.m */ = {isa = PBXFileReference; lastKnownFileType = sourcecode.c.objc; path = AppDelegate.m; sourceTree = "<group>"; };
		55243C8B1462FC7B00878F39 /* Adium Contacts Spotlight Importer.mdimporter */ = {isa = PBXFileReference; explicitFileType = wrapper.cfbundle; includeInIndex = 0; path = "Adium Contacts Spotlight Importer.mdimporter"; sourceTree = BUILT_PRODUCTS_DIR; };
		55243C8E1462FC7B00878F39 /* CoreServices.framework */ = {isa = PBXFileReference; lastKnownFileType = wrapper.framework; name = CoreServices.framework; path = System/Library/Frameworks/CoreServices.framework; sourceTree = SDKROOT; };
		55243C901462FC7B00878F39 /* CoreFoundation.framework */ = {isa = PBXFileReference; lastKnownFileType = wrapper.framework; name = CoreFoundation.framework; path = System/Library/Frameworks/CoreFoundation.framework; sourceTree = SDKROOT; };
		55243C921462FC7B00878F39 /* CoreData.framework */ = {isa = PBXFileReference; lastKnownFileType = wrapper.framework; name = CoreData.framework; path = System/Library/Frameworks/CoreData.framework; sourceTree = SDKROOT; };
		55243C941462FC7B00878F39 /* Foundation.framework */ = {isa = PBXFileReference; lastKnownFileType = wrapper.framework; name = Foundation.framework; path = System/Library/Frameworks/Foundation.framework; sourceTree = SDKROOT; };
		55243C981462FC7B00878F39 /* Adium Contacts Spotlight Importer-Info.plist */ = {isa = PBXFileReference; lastKnownFileType = text.plist.xml; path = "Adium Contacts Spotlight Importer-Info.plist"; sourceTree = "<group>"; };
		55243C9A1462FC7B00878F39 /* en */ = {isa = PBXFileReference; lastKnownFileType = text.plist.strings; name = en; path = en.lproj/InfoPlist.strings; sourceTree = "<group>"; };
		55243C9C1462FC7B00878F39 /* main.c */ = {isa = PBXFileReference; lastKnownFileType = sourcecode.c.c; path = main.c; sourceTree = "<group>"; };
		55243C9E1462FC7B00878F39 /* GetMetadataForFile.m */ = {isa = PBXFileReference; lastKnownFileType = sourcecode.c.objc; path = GetMetadataForFile.m; sourceTree = "<group>"; };
		55243CA01462FC7B00878F39 /* AdiumContactSpotlightImporter.h */ = {isa = PBXFileReference; lastKnownFileType = sourcecode.c.h; path = AdiumContactSpotlightImporter.h; sourceTree = "<group>"; };
		55243CA11462FC7B00878F39 /* AdiumContactSpotlightImporter.m */ = {isa = PBXFileReference; lastKnownFileType = sourcecode.c.objc; path = AdiumContactSpotlightImporter.m; sourceTree = "<group>"; };
		55243CA31462FC7B00878F39 /* Importer Read Me.txt */ = {isa = PBXFileReference; lastKnownFileType = text; path = "Importer Read Me.txt"; sourceTree = "<group>"; };
		55243CA41462FC7B00878F39 /* Adium Contacts Spotlight Importer-Prefix.pch */ = {isa = PBXFileReference; lastKnownFileType = sourcecode.c.h; path = "Adium Contacts Spotlight Importer-Prefix.pch"; sourceTree = "<group>"; };
		55243CAE1462FD0600878F39 /* Adium Contacts Export Plugin.AdiumPlugin */ = {isa = PBXFileReference; explicitFileType = wrapper.cfbundle; includeInIndex = 0; path = "Adium Contacts Export Plugin.AdiumPlugin"; sourceTree = BUILT_PRODUCTS_DIR; };
		55243CAF1462FD0600878F39 /* Cocoa.framework */ = {isa = PBXFileReference; lastKnownFileType = wrapper.framework; name = Cocoa.framework; path = System/Library/Frameworks/Cocoa.framework; sourceTree = SDKROOT; };
		55243CB21462FD0600878F39 /* AppKit.framework */ = {isa = PBXFileReference; lastKnownFileType = wrapper.framework; name = AppKit.framework; path = System/Library/Frameworks/AppKit.framework; sourceTree = SDKROOT; };
		55243CB31462FD0600878F39 /* CoreData.framework */ = {isa = PBXFileReference; lastKnownFileType = wrapper.framework; name = CoreData.framework; path = System/Library/Frameworks/CoreData.framework; sourceTree = SDKROOT; };
		55243CB41462FD0600878F39 /* Foundation.framework */ = {isa = PBXFileReference; lastKnownFileType = wrapper.framework; name = Foundation.framework; path = System/Library/Frameworks/Foundation.framework; sourceTree = SDKROOT; };
		55243CB71462FD0600878F39 /* Adium Contacts Export Plugin-Info.plist */ = {isa = PBXFileReference; lastKnownFileType = text.plist.xml; path = "Adium Contacts Export Plugin-Info.plist"; sourceTree = "<group>"; };
		55243CB91462FD0600878F39 /* en */ = {isa = PBXFileReference; lastKnownFileType = text.plist.strings; name = en; path = en.lproj/InfoPlist.strings; sourceTree = "<group>"; };
		55243CBB1462FD0600878F39 /* Adium Contacts Export Plugin-Prefix.pch */ = {isa = PBXFileReference; lastKnownFileType = sourcecode.c.h; path = "Adium Contacts Export Plugin-Prefix.pch"; sourceTree = "<group>"; };
		55243CBF1462FDD900878F39 /* Adium.framework */ = {isa = PBXFileReference; lastKnownFileType = wrapper.framework; path = Adium.framework; sourceTree = "<group>"; };
		55243CC11462FE4200878F39 /* ContactsExportAdiumPlugin.h */ = {isa = PBXFileReference; fileEncoding = 4; lastKnownFileType = sourcecode.c.h; path = ContactsExportAdiumPlugin.h; sourceTree = "<group>"; };
		55243CC21462FE4200878F39 /* ContactsExportAdiumPlugin.m */ = {isa = PBXFileReference; fileEncoding = 4; lastKnownFileType = sourcecode.c.objc; path = ContactsExportAdiumPlugin.m; sourceTree = "<group>"; };
		55ACA492146D36050078E418 /* CommonHeaders.h */ = {isa = PBXFileReference; fileEncoding = 4; lastKnownFileType = sourcecode.c.h; path = CommonHeaders.h; sourceTree = "<group>"; };
		55EE09BB1471672100CF038D /* MainMenu.xib */ = {isa = PBXFileReference; fileEncoding = 4; lastKnownFileType = file.xib; path = MainMenu.xib; sourceTree = "<group>"; };
/* End PBXFileReference section */

/* Begin PBXFrameworksBuildPhase section */
		29F4EC2C146D9A3C00E5B628 /* Frameworks */ = {
			isa = PBXFrameworksBuildPhase;
			buildActionMask = 2147483647;
			files = (
				29F4EC31146D9A3D00E5B628 /* Cocoa.framework in Frameworks */,
			);
			runOnlyForDeploymentPostprocessing = 0;
		};
		55243C881462FC7B00878F39 /* Frameworks */ = {
			isa = PBXFrameworksBuildPhase;
			buildActionMask = 2147483647;
			files = (
				55243C8F1462FC7B00878F39 /* CoreServices.framework in Frameworks */,
				55243C911462FC7B00878F39 /* CoreFoundation.framework in Frameworks */,
				55243C931462FC7B00878F39 /* CoreData.framework in Frameworks */,
				55243C951462FC7B00878F39 /* Foundation.framework in Frameworks */,
			);
			runOnlyForDeploymentPostprocessing = 0;
		};
		55243CAB1462FD0600878F39 /* Frameworks */ = {
			isa = PBXFrameworksBuildPhase;
			buildActionMask = 2147483647;
			files = (
				55243CB01462FD0600878F39 /* Cocoa.framework in Frameworks */,
				55243CC01462FDD900878F39 /* Adium.framework in Frameworks */,
			);
			runOnlyForDeploymentPostprocessing = 0;
		};
/* End PBXFrameworksBuildPhase section */

/* Begin PBXGroup section */
		292A70221464303D0036109B /* Common */ = {
			isa = PBXGroup;
			children = (
				292A7029146432250036109B /* AdiumContact.h */,
				292A702A146432250036109B /* AdiumContact.m */,
				292A7023146430510036109B /* Supporting Files */,
				55ACA492146D36050078E418 /* CommonHeaders.h */,
			);
			name = Common;
			sourceTree = "<group>";
		};
		292A7023146430510036109B /* Supporting Files */ = {
			isa = PBXGroup;
			children = (
				292A701B14642FA90036109B /* Adium.xcdatamodel */,
			);
			name = "Supporting Files";
			sourceTree = "<group>";
		};
		29F4EC32146D9A3D00E5B628 /* adiumOpenSpotlight */ = {
			isa = PBXGroup;
			children = (
				29F4EC3E146D9A3D00E5B628 /* AppDelegate.h */,
				29F4EC3F146D9A3D00E5B628 /* AppDelegate.m */,
				29F4EC33146D9A3D00E5B628 /* Supporting Files */,
			);
			path = adiumOpenSpotlight;
			sourceTree = "<group>";
		};
		29F4EC33146D9A3D00E5B628 /* Supporting Files */ = {
			isa = PBXGroup;
			children = (
				29F4EC34146D9A3D00E5B628 /* adiumOpenSpotlight-Info.plist */,
				29F4EC35146D9A3D00E5B628 /* InfoPlist.strings */,
				29F4EC38146D9A3D00E5B628 /* main.m */,
				29F4EC3A146D9A3D00E5B628 /* adiumOpenSpotlight-Prefix.pch */,
				55EE09BB1471672100CF038D /* MainMenu.xib */,
			);
			name = "Supporting Files";
			sourceTree = "<group>";
		};
		55243C801462FC7B00878F39 = {
			isa = PBXGroup;
			children = (
				292A70221464303D0036109B /* Common */,
				55243C961462FC7B00878F39 /* Adium Contacts Spotlight Importer */,
				55243CB51462FD0600878F39 /* Adium Contacts Export Plugin */,
				29F4EC32146D9A3D00E5B628 /* adiumOpenSpotlight */,
				55243C8D1462FC7B00878F39 /* Frameworks */,
				55243C8C1462FC7B00878F39 /* Products */,
			);
			sourceTree = "<group>";
		};
		55243C8C1462FC7B00878F39 /* Products */ = {
			isa = PBXGroup;
			children = (
				55243C8B1462FC7B00878F39 /* Adium Contacts Spotlight Importer.mdimporter */,
				55243CAE1462FD0600878F39 /* Adium Contacts Export Plugin.AdiumPlugin */,
				29F4EC2F146D9A3C00E5B628 /* adiumOpenSpotlight.app */,
			);
			name = Products;
			sourceTree = "<group>";
		};
		55243C8D1462FC7B00878F39 /* Frameworks */ = {
			isa = PBXGroup;
			children = (
				55243C8E1462FC7B00878F39 /* CoreServices.framework */,
				55243C901462FC7B00878F39 /* CoreFoundation.framework */,
				55243C921462FC7B00878F39 /* CoreData.framework */,
				55243C941462FC7B00878F39 /* Foundation.framework */,
				55243CAF1462FD0600878F39 /* Cocoa.framework */,
				55243CB11462FD0600878F39 /* Other Frameworks */,
			);
			name = Frameworks;
			sourceTree = "<group>";
		};
		55243C961462FC7B00878F39 /* Adium Contacts Spotlight Importer */ = {
			isa = PBXGroup;
			children = (
				55243C9E1462FC7B00878F39 /* GetMetadataForFile.m */,
				55243CA01462FC7B00878F39 /* AdiumContactSpotlightImporter.h */,
				55243CA11462FC7B00878F39 /* AdiumContactSpotlightImporter.m */,
				55243CA31462FC7B00878F39 /* Importer Read Me.txt */,
				55243C971462FC7B00878F39 /* Supporting Files */,
			);
			path = "Adium Contacts Spotlight Importer";
			sourceTree = "<group>";
		};
		55243C971462FC7B00878F39 /* Supporting Files */ = {
			isa = PBXGroup;
			children = (
				55243C981462FC7B00878F39 /* Adium Contacts Spotlight Importer-Info.plist */,
				55243C991462FC7B00878F39 /* InfoPlist.strings */,
				55243C9C1462FC7B00878F39 /* main.c */,
				55243CA41462FC7B00878F39 /* Adium Contacts Spotlight Importer-Prefix.pch */,
			);
			name = "Supporting Files";
			sourceTree = "<group>";
		};
		55243CB11462FD0600878F39 /* Other Frameworks */ = {
			isa = PBXGroup;
			children = (
				55243CBF1462FDD900878F39 /* Adium.framework */,
				55243CB21462FD0600878F39 /* AppKit.framework */,
				55243CB31462FD0600878F39 /* CoreData.framework */,
				55243CB41462FD0600878F39 /* Foundation.framework */,
			);
			name = "Other Frameworks";
			sourceTree = "<group>";
		};
		55243CB51462FD0600878F39 /* Adium Contacts Export Plugin */ = {
			isa = PBXGroup;
			children = (
				55243CB61462FD0600878F39 /* Supporting Files */,
				55243CC11462FE4200878F39 /* ContactsExportAdiumPlugin.h */,
				55243CC21462FE4200878F39 /* ContactsExportAdiumPlugin.m */,
			);
			path = "Adium Contacts Export Plugin";
			sourceTree = "<group>";
		};
		55243CB61462FD0600878F39 /* Supporting Files */ = {
			isa = PBXGroup;
			children = (
				55243CB71462FD0600878F39 /* Adium Contacts Export Plugin-Info.plist */,
				55243CB81462FD0600878F39 /* InfoPlist.strings */,
				55243CBB1462FD0600878F39 /* Adium Contacts Export Plugin-Prefix.pch */,
			);
			name = "Supporting Files";
			sourceTree = "<group>";
		};
/* End PBXGroup section */

/* Begin PBXNativeTarget section */
		29F4EC2E146D9A3C00E5B628 /* adiumOpenSpotlight */ = {
			isa = PBXNativeTarget;
			buildConfigurationList = 29F4EC46146D9A3D00E5B628 /* Build configuration list for PBXNativeTarget "adiumOpenSpotlight" */;
			buildPhases = (
				29F4EC2B146D9A3C00E5B628 /* Sources */,
				29F4EC2C146D9A3C00E5B628 /* Frameworks */,
				29F4EC2D146D9A3C00E5B628 /* Resources */,
			);
			buildRules = (
			);
			dependencies = (
			);
			name = adiumOpenSpotlight;
			productName = adiumOpenSpotlight;
			productReference = 29F4EC2F146D9A3C00E5B628 /* adiumOpenSpotlight.app */;
			productType = "com.apple.product-type.application";
		};
		55243C8A1462FC7B00878F39 /* Adium Contacts Spotlight Importer */ = {
			isa = PBXNativeTarget;
			buildConfigurationList = 55243CA71462FC7B00878F39 /* Build configuration list for PBXNativeTarget "Adium Contacts Spotlight Importer" */;
			buildPhases = (
				55243C871462FC7B00878F39 /* Sources */,
				55243C881462FC7B00878F39 /* Frameworks */,
				55243C891462FC7B00878F39 /* Resources */,
			);
			buildRules = (
			);
			dependencies = (
			);
			name = "Adium Contacts Spotlight Importer";
			productName = "Adium Contacts Spotlight Importer";
			productReference = 55243C8B1462FC7B00878F39 /* Adium Contacts Spotlight Importer.mdimporter */;
			productType = "com.apple.product-type.bundle";
		};
		55243CAD1462FD0600878F39 /* Adium Contacts Export Plugin */ = {
			isa = PBXNativeTarget;
			buildConfigurationList = 55243CBC1462FD0600878F39 /* Build configuration list for PBXNativeTarget "Adium Contacts Export Plugin" */;
			buildPhases = (
				55243CAA1462FD0600878F39 /* Sources */,
				55243CAB1462FD0600878F39 /* Frameworks */,
				55243CAC1462FD0600878F39 /* Resources */,
			);
			buildRules = (
			);
			dependencies = (
			);
			name = "Adium Contacts Export Plugin";
			productName = "Adium Contacts Export Plugin";
			productReference = 55243CAE1462FD0600878F39 /* Adium Contacts Export Plugin.AdiumPlugin */;
			productType = "com.apple.product-type.bundle";
		};
/* End PBXNativeTarget section */

/* Begin PBXProject section */
		55243C821462FC7B00878F39 /* Project object */ = {
			isa = PBXProject;
			attributes = {
				LastUpgradeCheck = 0420;
			};
			buildConfigurationList = 55243C851462FC7B00878F39 /* Build configuration list for PBXProject "Adium Contacts Spotlight Importer" */;
			compatibilityVersion = "Xcode 3.2";
			developmentRegion = English;
			hasScannedForEncodings = 0;
			knownRegions = (
				en,
			);
			mainGroup = 55243C801462FC7B00878F39;
			productRefGroup = 55243C8C1462FC7B00878F39 /* Products */;
			projectDirPath = "";
			projectRoot = "";
			targets = (
				55243C8A1462FC7B00878F39 /* Adium Contacts Spotlight Importer */,
				55243CAD1462FD0600878F39 /* Adium Contacts Export Plugin */,
				29F4EC2E146D9A3C00E5B628 /* adiumOpenSpotlight */,
			);
		};
/* End PBXProject section */

/* Begin PBXResourcesBuildPhase section */
		29F4EC2D146D9A3C00E5B628 /* Resources */ = {
			isa = PBXResourcesBuildPhase;
			buildActionMask = 2147483647;
			files = (
				29F4EC37146D9A3D00E5B628 /* InfoPlist.strings in Resources */,
				55EE09BC1471672100CF038D /* MainMenu.xib in Resources */,
			);
			runOnlyForDeploymentPostprocessing = 0;
		};
		55243C891462FC7B00878F39 /* Resources */ = {
			isa = PBXResourcesBuildPhase;
			buildActionMask = 2147483647;
			files = (
				55243C9B1462FC7B00878F39 /* InfoPlist.strings in Resources */,
			);
			runOnlyForDeploymentPostprocessing = 0;
		};
		55243CAC1462FD0600878F39 /* Resources */ = {
			isa = PBXResourcesBuildPhase;
			buildActionMask = 2147483647;
			files = (
				55243CBA1462FD0600878F39 /* InfoPlist.strings in Resources */,
			);
			runOnlyForDeploymentPostprocessing = 0;
		};
/* End PBXResourcesBuildPhase section */

/* Begin PBXSourcesBuildPhase section */
		29F4EC2B146D9A3C00E5B628 /* Sources */ = {
			isa = PBXSourcesBuildPhase;
			buildActionMask = 2147483647;
			files = (
				29F4EC39146D9A3D00E5B628 /* main.m in Sources */,
				5549385C14717F3500D64024 /* AdiumContact.m in Sources */,
				29F4EC40146D9A3D00E5B628 /* AppDelegate.m in Sources */,
				55EE09C1147176A100CF038D /* Adium.xcdatamodel in Sources */,
			);
			runOnlyForDeploymentPostprocessing = 0;
		};
		55243C871462FC7B00878F39 /* Sources */ = {
			isa = PBXSourcesBuildPhase;
			buildActionMask = 2147483647;
			files = (
				55243C9D1462FC7B00878F39 /* main.c in Sources */,
				55243C9F1462FC7B00878F39 /* GetMetadataForFile.m in Sources */,
				55243CA21462FC7B00878F39 /* AdiumContactSpotlightImporter.m in Sources */,
				292A701C14642FA90036109B /* Adium.xcdatamodel in Sources */,
				292A702B146432250036109B /* AdiumContact.m in Sources */,
			);
			runOnlyForDeploymentPostprocessing = 0;
		};
		55243CAA1462FD0600878F39 /* Sources */ = {
			isa = PBXSourcesBuildPhase;
			buildActionMask = 2147483647;
			files = (
				55243CC31462FE4200878F39 /* ContactsExportAdiumPlugin.m in Sources */,
				292A70241464306E0036109B /* Adium.xcdatamodel in Sources */,
				292A702C146432250036109B /* AdiumContact.m in Sources */,
			);
			runOnlyForDeploymentPostprocessing = 0;
		};
/* End PBXSourcesBuildPhase section */

/* Begin PBXVariantGroup section */
		29F4EC35146D9A3D00E5B628 /* InfoPlist.strings */ = {
			isa = PBXVariantGroup;
			children = (
				29F4EC36146D9A3D00E5B628 /* en */,
			);
			name = InfoPlist.strings;
			sourceTree = "<group>";
		};
		55243C991462FC7B00878F39 /* InfoPlist.strings */ = {
			isa = PBXVariantGroup;
			children = (
				55243C9A1462FC7B00878F39 /* en */,
			);
			name = InfoPlist.strings;
			sourceTree = "<group>";
		};
		55243CB81462FD0600878F39 /* InfoPlist.strings */ = {
			isa = PBXVariantGroup;
			children = (
				55243CB91462FD0600878F39 /* en */,
			);
			name = InfoPlist.strings;
			sourceTree = "<group>";
		};
/* End PBXVariantGroup section */

/* Begin XCBuildConfiguration section */
		29F4EC44146D9A3D00E5B628 /* Debug */ = {
			isa = XCBuildConfiguration;
			buildSettings = {
				GCC_PRECOMPILE_PREFIX_HEADER = YES;
				GCC_PREFIX_HEADER = "adiumOpenSpotlight/adiumOpenSpotlight-Prefix.pch";
				INFOPLIST_FILE = "adiumOpenSpotlight/adiumOpenSpotlight-Info.plist";
				PRODUCT_NAME = "$(TARGET_NAME)";
				WRAPPER_EXTENSION = app;
			};
			name = Debug;
		};
		29F4EC45146D9A3D00E5B628 /* Release */ = {
			isa = XCBuildConfiguration;
			buildSettings = {
				GCC_PRECOMPILE_PREFIX_HEADER = YES;
				GCC_PREFIX_HEADER = "adiumOpenSpotlight/adiumOpenSpotlight-Prefix.pch";
				INFOPLIST_FILE = "adiumOpenSpotlight/adiumOpenSpotlight-Info.plist";
				PRODUCT_NAME = "$(TARGET_NAME)";
				WRAPPER_EXTENSION = app;
			};
			name = Release;
		};
		55243CA51462FC7B00878F39 /* Debug */ = {
			isa = XCBuildConfiguration;
			buildSettings = {
				ALWAYS_SEARCH_USER_PATHS = NO;
				ARCHS = "$(ARCHS_STANDARD_64_BIT)";
				CLANG_ENABLE_OBJC_ARC = YES;
				COPY_PHASE_STRIP = NO;
				GCC_C_LANGUAGE_STANDARD = gnu99;
				GCC_DYNAMIC_NO_PIC = NO;
				GCC_ENABLE_OBJC_EXCEPTIONS = YES;
				GCC_OPTIMIZATION_LEVEL = 0;
				GCC_PREPROCESSOR_DEFINITIONS = (
					"DEBUG=1",
					"$(inherited)",
				);
				GCC_SYMBOLS_PRIVATE_EXTERN = NO;
				GCC_VERSION = com.apple.compilers.llvm.clang.1_0;
				GCC_WARN_64_TO_32_BIT_CONVERSION = YES;
				GCC_WARN_ABOUT_MISSING_PROTOTYPES = YES;
				GCC_WARN_ABOUT_RETURN_TYPE = YES;
				GCC_WARN_UNUSED_VARIABLE = YES;
				MACOSX_DEPLOYMENT_TARGET = 10.7;
				ONLY_ACTIVE_ARCH = YES;
				SDKROOT = macosx;
			};
			name = Debug;
		};
		55243CA61462FC7B00878F39 /* Release */ = {
			isa = XCBuildConfiguration;
			buildSettings = {
				ALWAYS_SEARCH_USER_PATHS = NO;
				ARCHS = "$(ARCHS_STANDARD_64_BIT)";
				CLANG_ENABLE_OBJC_ARC = YES;
				COPY_PHASE_STRIP = YES;
				DEBUG_INFORMATION_FORMAT = "dwarf-with-dsym";
				GCC_C_LANGUAGE_STANDARD = gnu99;
				GCC_ENABLE_OBJC_EXCEPTIONS = YES;
				GCC_VERSION = com.apple.compilers.llvm.clang.1_0;
				GCC_WARN_64_TO_32_BIT_CONVERSION = YES;
				GCC_WARN_ABOUT_MISSING_PROTOTYPES = YES;
				GCC_WARN_ABOUT_RETURN_TYPE = YES;
				GCC_WARN_UNUSED_VARIABLE = YES;
				MACOSX_DEPLOYMENT_TARGET = 10.7;
				SDKROOT = macosx;
			};
			name = Release;
		};
		55243CA81462FC7B00878F39 /* Debug */ = {
			isa = XCBuildConfiguration;
			buildSettings = {
				ALWAYS_SEARCH_USER_PATHS = YES;
				DEPLOYMENT_LOCATION = YES;
				DSTROOT = /;
				GCC_PRECOMPILE_PREFIX_HEADER = YES;
				GCC_PREFIX_HEADER = "Adium Contacts Spotlight Importer/Adium Contacts Spotlight Importer-Prefix.pch";
				INFOPLIST_FILE = "Adium Contacts Spotlight Importer/Adium Contacts Spotlight Importer-Info.plist";
				INSTALL_PATH = "$(HOME)/Library/Spotlight";
				LIBRARY_STYLE = BUNDLE;
				PRODUCT_NAME = "$(TARGET_NAME)";
				SKIP_INSTALL = NO;
				WRAPPER_EXTENSION = mdimporter;
			};
			name = Debug;
		};
		55243CA91462FC7B00878F39 /* Release */ = {
			isa = XCBuildConfiguration;
			buildSettings = {
				ALWAYS_SEARCH_USER_PATHS = YES;
				DEPLOYMENT_LOCATION = YES;
				DSTROOT = /;
				GCC_PRECOMPILE_PREFIX_HEADER = YES;
				GCC_PREFIX_HEADER = "Adium Contacts Spotlight Importer/Adium Contacts Spotlight Importer-Prefix.pch";
				INFOPLIST_FILE = "Adium Contacts Spotlight Importer/Adium Contacts Spotlight Importer-Info.plist";
				INSTALL_PATH = "$(HOME)/Library/Spotlight";
				LIBRARY_STYLE = BUNDLE;
				PRODUCT_NAME = "$(TARGET_NAME)";
				SKIP_INSTALL = NO;
				WRAPPER_EXTENSION = mdimporter;
			};
			name = Release;
		};
		55243CBD1462FD0600878F39 /* Debug */ = {
			isa = XCBuildConfiguration;
			buildSettings = {
				DEPLOYMENT_LOCATION = YES;
				DSTROOT = /;
				FRAMEWORK_SEARCH_PATHS = (
					"$(inherited)",
					"\"$(SRCROOT)\"",
				);
				GCC_PRECOMPILE_PREFIX_HEADER = YES;
				GCC_PREFIX_HEADER = "Adium Contacts Export Plugin/Adium Contacts Export Plugin-Prefix.pch";
				INFOPLIST_FILE = "Adium Contacts Export Plugin/Adium Contacts Export Plugin-Info.plist";
				INSTALL_PATH = "$(HOME)/Library/Application Support/Adium 2.0/PlugIns/";
				PRODUCT_NAME = "$(TARGET_NAME)";
				WRAPPER_EXTENSION = AdiumPlugin;
			};
			name = Debug;
		};
		55243CBE1462FD0600878F39 /* Release */ = {
			isa = XCBuildConfiguration;
			buildSettings = {
				DEPLOYMENT_LOCATION = YES;
				DSTROOT = /;
				FRAMEWORK_SEARCH_PATHS = (
					"$(inherited)",
					"\"$(SRCROOT)\"",
				);
				GCC_PRECOMPILE_PREFIX_HEADER = YES;
				GCC_PREFIX_HEADER = "Adium Contacts Export Plugin/Adium Contacts Export Plugin-Prefix.pch";
				INFOPLIST_FILE = "Adium Contacts Export Plugin/Adium Contacts Export Plugin-Info.plist";
				INSTALL_PATH = "$(HOME)/Library/Application Support/Adium 2.0/PlugIns/";
				PRODUCT_NAME = "$(TARGET_NAME)";
				WRAPPER_EXTENSION = AdiumPlugin;
			};
			name = Release;
		};
/* End XCBuildConfiguration section */

/* Begin XCConfigurationList section */
		29F4EC46146D9A3D00E5B628 /* Build configuration list for PBXNativeTarget "adiumOpenSpotlight" */ = {
			isa = XCConfigurationList;
			buildConfigurations = (
				29F4EC44146D9A3D00E5B628 /* Debug */,
				29F4EC45146D9A3D00E5B628 /* Release */,
			);
			defaultConfigurationIsVisible = 0;
			defaultConfigurationName = Release;
		};
		55243C851462FC7B00878F39 /* Build configuration list for PBXProject "Adium Contacts Spotlight Importer" */ = {
			isa = XCConfigurationList;
			buildConfigurations = (
				55243CA51462FC7B00878F39 /* Debug */,
				55243CA61462FC7B00878F39 /* Release */,
			);
			defaultConfigurationIsVisible = 0;
			defaultConfigurationName = Release;
		};
		55243CA71462FC7B00878F39 /* Build configuration list for PBXNativeTarget "Adium Contacts Spotlight Importer" */ = {
			isa = XCConfigurationList;
			buildConfigurations = (
				55243CA81462FC7B00878F39 /* Debug */,
				55243CA91462FC7B00878F39 /* Release */,
			);
			defaultConfigurationIsVisible = 0;
			defaultConfigurationName = Release;
		};
		55243CBC1462FD0600878F39 /* Build configuration list for PBXNativeTarget "Adium Contacts Export Plugin" */ = {
			isa = XCConfigurationList;
			buildConfigurations = (
				55243CBD1462FD0600878F39 /* Debug */,
				55243CBE1462FD0600878F39 /* Release */,
			);
			defaultConfigurationIsVisible = 0;
			defaultConfigurationName = Release;
		};
/* End XCConfigurationList section */
	};
	rootObject = 55243C821462FC7B00878F39 /* Project object */;
}
